
Microsoft Visual Studio Solution File, Format Version 12.00
# Visual Studio Version 17
VisualStudioVersion = 17.8.34525.116
MinimumVisualStudioVersion = 10.0.40219.1
Project("{9A19103F-16F7-4668-BE54-9A1E7A4F7556}") = "Mini_1", "Mini_1.csproj", "{D311E294-D8DD-4E27-A479-AFB28A0FFA5A}"
EndProject
Project("{2150E333-8FDC-42A3-9474-1A3956D46DE8}") = "Элементы решения", "Элементы решения", "{A29420F8-79B2-4DCD-9E55-7386BEA6B385}"
	ProjectSection(SolutionItems) = preProject
		Class1.cs = Class1.cs
	EndProjectSection
EndProject
Global
	GlobalSection(SolutionConfigurationPlatforms) = preSolution
		Debug|Any CPU = Debug|Any CPU
		Release|Any CPU = Release|Any CPU
	EndGlobalSection
	GlobalSection(ProjectConfigurationPlatforms) = postSolution
		{D311E294-D8DD-4E27-A479-AFB28A0FFA5A}.Debug|Any CPU.ActiveCfg = Debug|Any CPU
		{D311E294-D8DD-4E27-A479-AFB28A0FFA5A}.Debug|Any CPU.Build.0 = Debug|Any CPU
		{D311E294-D8DD-4E27-A479-AFB28A0FFA5A}.Release|Any CPU.ActiveCfg = Release|Any CPU
		{D311E294-D8DD-4E27-A479-AFB28A0FFA5A}.Release|Any CPU.Build.0 = Release|Any CPU
	EndGlobalSection
	GlobalSection(SolutionProperties) = preSolution
		HideSolutionNode = FALSE
	EndGlobalSection
	GlobalSection(ExtensibilityGlobals) = postSolution
		SolutionGuid = {119F8DCA-BD14-4B2F-B09B-EEBC6C1DB74D}
	EndGlobalSection
EndGlobal
