
Microsoft Visual Studio Solution File, Format Version 12.00
Project("{FAE04EC0-301F-11D3-BF4B-00C04F79EFBC}") = "Mini_9", "Mini_9\Mini_9.csproj", "{07CE96DE-1F32-4AAE-9F43-E13692B877FB}"
EndProject
Global
	GlobalSection(SolutionConfigurationPlatforms) = preSolution
		Debug|Any CPU = Debug|Any CPU
		Release|Any CPU = Release|Any CPU
	EndGlobalSection
	GlobalSection(ProjectConfigurationPlatforms) = postSolution
		{07CE96DE-1F32-4AAE-9F43-E13692B877FB}.Debug|Any CPU.ActiveCfg = Debug|Any CPU
		{07CE96DE-1F32-4AAE-9F43-E13692B877FB}.Debug|Any CPU.Build.0 = Debug|Any CPU
		{07CE96DE-1F32-4AAE-9F43-E13692B877FB}.Release|Any CPU.ActiveCfg = Release|Any CPU
		{07CE96DE-1F32-4AAE-9F43-E13692B877FB}.Release|Any CPU.Build.0 = Release|Any CPU
	EndGlobalSection
EndGlobal
